
Microsoft Visual Studio Solution File, Format Version 12.00
# Visual Studio Version 17
VisualStudioVersion = 17.9.34723.18
MinimumVisualStudioVersion = 10.0.40219.1
Project("{FAE04EC0-301F-11D3-BF4B-00C04F79EFBC}") = "RedisTask2", "RedisTask2\RedisTask2.csproj", "{02F34E3F-CA13-471A-993E-C05520603D62}"
EndProject
Global
	GlobalSection(SolutionConfigurationPlatforms) = preSolution
		Debug|Any CPU = Debug|Any CPU
		Release|Any CPU = Release|Any CPU
	EndGlobalSection
	GlobalSection(ProjectConfigurationPlatforms) = postSolution
		{02F34E3F-CA13-471A-993E-C05520603D62}.Debug|Any CPU.ActiveCfg = Debug|Any CPU
		{02F34E3F-CA13-471A-993E-C05520603D62}.Debug|Any CPU.Build.0 = Debug|Any CPU
		{02F34E3F-CA13-471A-993E-C05520603D62}.Release|Any CPU.ActiveCfg = Release|Any CPU
		{02F34E3F-CA13-471A-993E-C05520603D62}.Release|Any CPU.Build.0 = Release|Any CPU
	EndGlobalSection
	GlobalSection(SolutionProperties) = preSolution
		HideSolutionNode = FALSE
	EndGlobalSection
	GlobalSection(ExtensibilityGlobals) = postSolution
		SolutionGuid = {3FF16F5D-4B1C-4DB6-AEF4-0FBCB120F613}
	EndGlobalSection
EndGlobal
